{
  "pins" : [
    {
      "identity" : "bond",
      "kind" : "remoteSourceControl",
      "location" : "https://github.com/DeclarativeHub/Bond",
      "state" : {
        "revision" : "146943c0bc03a93c48fb6c57db4e39f4b38ba74b",
        "version" : "7.8.1"
      }
    },
    {
      "identity" : "currencytext",
      "kind" : "remoteSourceControl",
      "location" : "https://github.com/marinofelipe/CurrencyText.git",
      "state" : {
        "revision" : "32c6f6859b9833a35559a6193cb7c34eb08f5f60",
        "version" : "3.0.0"
      }
    },
    {
      "identity" : "differ",
      "kind" : "remoteSourceControl",
      "location" : "https://github.com/tonyarnold/Differ.git",
      "state" : {
        "revision" : "5520fda947f1f9777a806389c2ba587219bc0538",
        "version" : "1.4.6"
      }
    },
    {
      "identity" : "lottie-ios",
      "kind" : "remoteSourceControl",
      "location" : "https://github.com/alexruperez/lottie-ios.git",
      "state" : {
        "revision" : "8f81de8d81da8631fd95ff81a9db133b76e13ea4",
        "version" : "3.1.6"
      }
    },
    {
      "identity" : "phonenumberkit",
      "kind" : "remoteSourceControl",
      "location" : "https://github.com/marmelroy/PhoneNumberKit",
      "state" : {
        "revision" : "8b65e21af5834d12cdf7db8d7a8684ece67fda25",
        "version" : "3.4.8"
      }
    },
    {
      "identity" : "reactivekit",
      "kind" : "remoteSourceControl",
      "location" : "https://github.com/DeclarativeHub/ReactiveKit.git",
      "state" : {
        "revision" : "dfb63f820aa54946c4cbcbe1b6024863a143d3a2",
        "version" : "3.19.1"
      }
    },
    {
      "identity" : "swiftkeychainwrapper",
      "kind" : "remoteSourceControl",
      "location" : "https://github.com/jrendel/SwiftKeychainWrapper",
      "state" : {
        "revision" : "185a3165346a03767101c4f62e9a545a0fe0530f",
        "version" : "4.0.1"
      }
    },
    {
      "identity" : "swiftsignatureview",
      "kind" : "remoteSourceControl",
      "location" : "https://github.com/alankarmisra/SwiftSignatureView.git",
      "state" : {
        "revision" : "6912d301de5088aa16d61566b62596069342a096",
        "version" : "3.2.0"
      }
    }
  ],
  "version" : 2
}
